// !$*UTF8*$!
{
	archiveVersion = 1;
	classes = {
	};
	objectVersion = 46;
	objects = {

/* Begin PBXBuildFile section */
		BA790DBB1E07850500614854 /* FetchRepoWorker.swift in Sources */ = {isa = PBXBuildFile; fileRef = BA790DAF1E07850500614854 /* FetchRepoWorker.swift */; };
		BA790DBC1E07850500614854 /* MainAppState.swift in Sources */ = {isa = PBXBuildFile; fileRef = BA790DB01E07850500614854 /* MainAppState.swift */; };
		BA790DBD1E07850500614854 /* MainReducer.swift in Sources */ = {isa = PBXBuildFile; fileRef = BA790DB11E07850500614854 /* MainReducer.swift */; };
		BA790DBE1E07850500614854 /* Networking.swift in Sources */ = {isa = PBXBuildFile; fileRef = BA790DB21E07850500614854 /* Networking.swift */; };
		BA790DBF1E07850500614854 /* RepoConfiguration.swift in Sources */ = {isa = PBXBuildFile; fileRef = BA790DB31E07850500614854 /* RepoConfiguration.swift */; };
		BA790DC01E07850500614854 /* RepoController.swift in Sources */ = {isa = PBXBuildFile; fileRef = BA790DB41E07850500614854 /* RepoController.swift */; };
		BA790DC11E07850500614854 /* RepoInteractor.swift in Sources */ = {isa = PBXBuildFile; fileRef = BA790DB51E07850500614854 /* RepoInteractor.swift */; };
		BA790DC21E07850500614854 /* RepoObj.swift in Sources */ = {isa = PBXBuildFile; fileRef = BA790DB61E07850500614854 /* RepoObj.swift */; };
		BA790DC31E07850500614854 /* RepoPresenter.swift in Sources */ = {isa = PBXBuildFile; fileRef = BA790DB71E07850500614854 /* RepoPresenter.swift */; };
		BA790DC41E07850500614854 /* RepoState.swift in Sources */ = {isa = PBXBuildFile; fileRef = BA790DB81E07850500614854 /* RepoState.swift */; };
		BA790DC51E07850500614854 /* UserObj.swift in Sources */ = {isa = PBXBuildFile; fileRef = BA790DB91E07850500614854 /* UserObj.swift */; };
		BA790DC61E07850500614854 /* Worker.swift in Sources */ = {isa = PBXBuildFile; fileRef = BA790DBA1E07850500614854 /* Worker.swift */; };
		BA790DD51E0785EA00614854 /* Constants.swift in Sources */ = {isa = PBXBuildFile; fileRef = BA790DD41E0785EA00614854 /* Constants.swift */; };
		BA790DE11E07898300614854 /* BaseAbility.swift in Sources */ = {isa = PBXBuildFile; fileRef = BA790DE01E07898300614854 /* BaseAbility.swift */; };
		BA790DE51E0789A200614854 /* BaseView.swift in Sources */ = {isa = PBXBuildFile; fileRef = BA790DE21E0789A200614854 /* BaseView.swift */; };
		BA790DE61E0789A200614854 /* BaseViewController.swift in Sources */ = {isa = PBXBuildFile; fileRef = BA790DE31E0789A200614854 /* BaseViewController.swift */; };
		BA790DED1E078A2800614854 /* UICollectionView+Register.swift in Sources */ = {isa = PBXBuildFile; fileRef = BA790DE91E078A2800614854 /* UICollectionView+Register.swift */; };
		BA790DEE1E078A2800614854 /* UITableView+Register.swift in Sources */ = {isa = PBXBuildFile; fileRef = BA790DEA1E078A2800614854 /* UITableView+Register.swift */; };
		BA790DEF1E078A2800614854 /* UIViewController+Identifier.swift in Sources */ = {isa = PBXBuildFile; fileRef = BA790DEB1E078A2800614854 /* UIViewController+Identifier.swift */; };
		BA790DF01E078A2800614854 /* UIView+Identifier.swift in Sources */ = {isa = PBXBuildFile; fileRef = BA790DEC1E078A2800614854 /* UIView+Identifier.swift */; };
		BA790DF31E078A3B00614854 /* Identifier.swift in Sources */ = {isa = PBXBuildFile; fileRef = BA790DF21E078A3B00614854 /* Identifier.swift */; };
		BA790DF61E078C2100614854 /* ApplicationManager.swift in Sources */ = {isa = PBXBuildFile; fileRef = BA790DF51E078C2100614854 /* ApplicationManager.swift */; };
		BA790DF91E078C2D00614854 /* Logger.swift in Sources */ = {isa = PBXBuildFile; fileRef = BA790DF81E078C2D00614854 /* Logger.swift */; };
		BA790DFE1E078D8A00614854 /* RepoCell.swift in Sources */ = {isa = PBXBuildFile; fileRef = BA790DFC1E078D8A00614854 /* RepoCell.swift */; };
		BA790DFF1E078D8A00614854 /* RepoCell.xib in Resources */ = {isa = PBXBuildFile; fileRef = BA790DFD1E078D8A00614854 /* RepoCell.xib */; };
		BA790E011E078DE700614854 /* SlackReporter.swift in Sources */ = {isa = PBXBuildFile; fileRef = BA790E001E078DE700614854 /* SlackReporter.swift */; };
		BA790E031E079A2000614854 /* BaseObj.swift in Sources */ = {isa = PBXBuildFile; fileRef = BA790E021E079A2000614854 /* BaseObj.swift */; };
		BA790E081E079B9E00614854 /* FetchRepoRequest.swift in Sources */ = {isa = PBXBuildFile; fileRef = BA790E051E079B9E00614854 /* FetchRepoRequest.swift */; };
		BA790E091E079B9E00614854 /* QueueManager.swift in Sources */ = {isa = PBXBuildFile; fileRef = BA790E061E079B9E00614854 /* QueueManager.swift */; };
		BA790E0A1E079B9E00614854 /* Request.swift in Sources */ = {isa = PBXBuildFile; fileRef = BA790E071E079B9E00614854 /* Request.swift */; };
		BA790E121E079C8300614854 /* Error+Default.swift in Sources */ = {isa = PBXBuildFile; fileRef = BA790E111E079C8300614854 /* Error+Default.swift */; };
		BA790E181E07A77100614854 /* RepoDataSource.swift in Sources */ = {isa = PBXBuildFile; fileRef = BA790E171E07A77100614854 /* RepoDataSource.swift */; };
		BA7D8D7C1E0A702100C406D5 /* RouterManager.swift in Sources */ = {isa = PBXBuildFile; fileRef = BA7D8D7B1E0A702100C406D5 /* RouterManager.swift */; };
		BA9638801E07800300D16B73 /* AppDelegate.swift in Sources */ = {isa = PBXBuildFile; fileRef = BA96387F1E07800300D16B73 /* AppDelegate.swift */; };
		BA9638851E07800300D16B73 /* Main.storyboard in Resources */ = {isa = PBXBuildFile; fileRef = BA9638831E07800300D16B73 /* Main.storyboard */; };
		BA9638871E07800300D16B73 /* Assets.xcassets in Resources */ = {isa = PBXBuildFile; fileRef = BA9638861E07800300D16B73 /* Assets.xcassets */; };
		BA96388A1E07800300D16B73 /* LaunchScreen.storyboard in Resources */ = {isa = PBXBuildFile; fileRef = BA9638881E07800300D16B73 /* LaunchScreen.storyboard */; };
		BA9638951E07800300D16B73 /* iOS_Starter_KitTests.swift in Sources */ = {isa = PBXBuildFile; fileRef = BA9638941E07800300D16B73 /* iOS_Starter_KitTests.swift */; };
		FF5D29E4BF7266D79D4ACD09 /* Pods_iOS_Starter_Kit.framework in Frameworks */ = {isa = PBXBuildFile; fileRef = A31C40A72A43E78CEEFD407B /* Pods_iOS_Starter_Kit.framework */; };
/* End PBXBuildFile section */

/* Begin PBXContainerItemProxy section */
		BA9638911E07800300D16B73 /* PBXContainerItemProxy */ = {
			isa = PBXContainerItemProxy;
			containerPortal = BA9638741E07800200D16B73 /* Project object */;
			proxyType = 1;
			remoteGlobalIDString = BA96387B1E07800200D16B73;
			remoteInfo = "iOS-Starter-Kit";
		};
/* End PBXContainerItemProxy section */

/* Begin PBXFileReference section */
		A31C40A72A43E78CEEFD407B /* Pods_iOS_Starter_Kit.framework */ = {isa = PBXFileReference; explicitFileType = wrapper.framework; includeInIndex = 0; path = Pods_iOS_Starter_Kit.framework; sourceTree = BUILT_PRODUCTS_DIR; };
		BA790DAF1E07850500614854 /* FetchRepoWorker.swift */ = {isa = PBXFileReference; fileEncoding = 4; lastKnownFileType = sourcecode.swift; path = FetchRepoWorker.swift; sourceTree = "<group>"; };
		BA790DB01E07850500614854 /* MainAppState.swift */ = {isa = PBXFileReference; fileEncoding = 4; lastKnownFileType = sourcecode.swift; path = MainAppState.swift; sourceTree = "<group>"; };
		BA790DB11E07850500614854 /* MainReducer.swift */ = {isa = PBXFileReference; fileEncoding = 4; lastKnownFileType = sourcecode.swift; path = MainReducer.swift; sourceTree = "<group>"; };
		BA790DB21E07850500614854 /* Networking.swift */ = {isa = PBXFileReference; fileEncoding = 4; lastKnownFileType = sourcecode.swift; path = Networking.swift; sourceTree = "<group>"; };
		BA790DB31E07850500614854 /* RepoConfiguration.swift */ = {isa = PBXFileReference; fileEncoding = 4; lastKnownFileType = sourcecode.swift; path = RepoConfiguration.swift; sourceTree = "<group>"; };
		BA790DB41E07850500614854 /* RepoController.swift */ = {isa = PBXFileReference; fileEncoding = 4; lastKnownFileType = sourcecode.swift; path = RepoController.swift; sourceTree = "<group>"; };
		BA790DB51E07850500614854 /* RepoInteractor.swift */ = {isa = PBXFileReference; fileEncoding = 4; lastKnownFileType = sourcecode.swift; path = RepoInteractor.swift; sourceTree = "<group>"; };
		BA790DB61E07850500614854 /* RepoObj.swift */ = {isa = PBXFileReference; fileEncoding = 4; lastKnownFileType = sourcecode.swift; path = RepoObj.swift; sourceTree = "<group>"; };
		BA790DB71E07850500614854 /* RepoPresenter.swift */ = {isa = PBXFileReference; fileEncoding = 4; lastKnownFileType = sourcecode.swift; path = RepoPresenter.swift; sourceTree = "<group>"; };
		BA790DB81E07850500614854 /* RepoState.swift */ = {isa = PBXFileReference; fileEncoding = 4; lastKnownFileType = sourcecode.swift; path = RepoState.swift; sourceTree = "<group>"; };
		BA790DB91E07850500614854 /* UserObj.swift */ = {isa = PBXFileReference; fileEncoding = 4; lastKnownFileType = sourcecode.swift; path = UserObj.swift; sourceTree = "<group>"; };
		BA790DBA1E07850500614854 /* Worker.swift */ = {isa = PBXFileReference; fileEncoding = 4; lastKnownFileType = sourcecode.swift; path = Worker.swift; sourceTree = "<group>"; };
		BA790DD41E0785EA00614854 /* Constants.swift */ = {isa = PBXFileReference; fileEncoding = 4; lastKnownFileType = sourcecode.swift; path = Constants.swift; sourceTree = "<group>"; };
		BA790DE01E07898300614854 /* BaseAbility.swift */ = {isa = PBXFileReference; fileEncoding = 4; lastKnownFileType = sourcecode.swift; path = BaseAbility.swift; sourceTree = "<group>"; };
		BA790DE21E0789A200614854 /* BaseView.swift */ = {isa = PBXFileReference; fileEncoding = 4; lastKnownFileType = sourcecode.swift; path = BaseView.swift; sourceTree = "<group>"; };
		BA790DE31E0789A200614854 /* BaseViewController.swift */ = {isa = PBXFileReference; fileEncoding = 4; lastKnownFileType = sourcecode.swift; path = BaseViewController.swift; sourceTree = "<group>"; };
		BA790DE91E078A2800614854 /* UICollectionView+Register.swift */ = {isa = PBXFileReference; fileEncoding = 4; lastKnownFileType = sourcecode.swift; path = "UICollectionView+Register.swift"; sourceTree = "<group>"; };
		BA790DEA1E078A2800614854 /* UITableView+Register.swift */ = {isa = PBXFileReference; fileEncoding = 4; lastKnownFileType = sourcecode.swift; path = "UITableView+Register.swift"; sourceTree = "<group>"; };
		BA790DEB1E078A2800614854 /* UIViewController+Identifier.swift */ = {isa = PBXFileReference; fileEncoding = 4; lastKnownFileType = sourcecode.swift; path = "UIViewController+Identifier.swift"; sourceTree = "<group>"; };
		BA790DEC1E078A2800614854 /* UIView+Identifier.swift */ = {isa = PBXFileReference; fileEncoding = 4; lastKnownFileType = sourcecode.swift; path = "UIView+Identifier.swift"; sourceTree = "<group>"; };
		BA790DF21E078A3B00614854 /* Identifier.swift */ = {isa = PBXFileReference; fileEncoding = 4; lastKnownFileType = sourcecode.swift; path = Identifier.swift; sourceTree = "<group>"; };
		BA790DF51E078C2100614854 /* ApplicationManager.swift */ = {isa = PBXFileReference; fileEncoding = 4; lastKnownFileType = sourcecode.swift; path = ApplicationManager.swift; sourceTree = "<group>"; };
		BA790DF81E078C2D00614854 /* Logger.swift */ = {isa = PBXFileReference; fileEncoding = 4; lastKnownFileType = sourcecode.swift; path = Logger.swift; sourceTree = "<group>"; };
		BA790DFC1E078D8A00614854 /* RepoCell.swift */ = {isa = PBXFileReference; fileEncoding = 4; lastKnownFileType = sourcecode.swift; path = RepoCell.swift; sourceTree = "<group>"; };
		BA790DFD1E078D8A00614854 /* RepoCell.xib */ = {isa = PBXFileReference; fileEncoding = 4; lastKnownFileType = file.xib; path = RepoCell.xib; sourceTree = "<group>"; };
		BA790E001E078DE700614854 /* SlackReporter.swift */ = {isa = PBXFileReference; fileEncoding = 4; lastKnownFileType = sourcecode.swift; path = SlackReporter.swift; sourceTree = "<group>"; };
		BA790E021E079A2000614854 /* BaseObj.swift */ = {isa = PBXFileReference; fileEncoding = 4; lastKnownFileType = sourcecode.swift; path = BaseObj.swift; sourceTree = "<group>"; };
		BA790E051E079B9E00614854 /* FetchRepoRequest.swift */ = {isa = PBXFileReference; fileEncoding = 4; lastKnownFileType = sourcecode.swift; path = FetchRepoRequest.swift; sourceTree = "<group>"; };
		BA790E061E079B9E00614854 /* QueueManager.swift */ = {isa = PBXFileReference; fileEncoding = 4; lastKnownFileType = sourcecode.swift; path = QueueManager.swift; sourceTree = "<group>"; };
		BA790E071E079B9E00614854 /* Request.swift */ = {isa = PBXFileReference; fileEncoding = 4; lastKnownFileType = sourcecode.swift; path = Request.swift; sourceTree = "<group>"; };
		BA790E111E079C8300614854 /* Error+Default.swift */ = {isa = PBXFileReference; fileEncoding = 4; lastKnownFileType = sourcecode.swift; path = "Error+Default.swift"; sourceTree = "<group>"; };
		BA790E171E07A77100614854 /* RepoDataSource.swift */ = {isa = PBXFileReference; fileEncoding = 4; lastKnownFileType = sourcecode.swift; path = RepoDataSource.swift; sourceTree = "<group>"; };
		BA7D8D7B1E0A702100C406D5 /* RouterManager.swift */ = {isa = PBXFileReference; fileEncoding = 4; lastKnownFileType = sourcecode.swift; path = RouterManager.swift; sourceTree = "<group>"; };
		BA96387C1E07800300D16B73 /* iOS-Starter-Kit.app */ = {isa = PBXFileReference; explicitFileType = wrapper.application; includeInIndex = 0; path = "iOS-Starter-Kit.app"; sourceTree = BUILT_PRODUCTS_DIR; };
		BA96387F1E07800300D16B73 /* AppDelegate.swift */ = {isa = PBXFileReference; lastKnownFileType = sourcecode.swift; path = AppDelegate.swift; sourceTree = "<group>"; };
		BA9638841E07800300D16B73 /* Base */ = {isa = PBXFileReference; lastKnownFileType = file.storyboard; name = Base; path = Base.lproj/Main.storyboard; sourceTree = "<group>"; };
		BA9638861E07800300D16B73 /* Assets.xcassets */ = {isa = PBXFileReference; lastKnownFileType = folder.assetcatalog; path = Assets.xcassets; sourceTree = "<group>"; };
		BA9638891E07800300D16B73 /* Base */ = {isa = PBXFileReference; lastKnownFileType = file.storyboard; name = Base; path = Base.lproj/LaunchScreen.storyboard; sourceTree = "<group>"; };
		BA96388B1E07800300D16B73 /* Info.plist */ = {isa = PBXFileReference; lastKnownFileType = text.plist.xml; path = Info.plist; sourceTree = "<group>"; };
		BA9638901E07800300D16B73 /* iOS-Starter-KitTests.xctest */ = {isa = PBXFileReference; explicitFileType = wrapper.cfbundle; includeInIndex = 0; path = "iOS-Starter-KitTests.xctest"; sourceTree = BUILT_PRODUCTS_DIR; };
		BA9638941E07800300D16B73 /* iOS_Starter_KitTests.swift */ = {isa = PBXFileReference; lastKnownFileType = sourcecode.swift; path = iOS_Starter_KitTests.swift; sourceTree = "<group>"; };
		BA9638961E07800300D16B73 /* Info.plist */ = {isa = PBXFileReference; lastKnownFileType = text.plist.xml; path = Info.plist; sourceTree = "<group>"; };
		D80B46C7853A3DFBAEE776CB /* Pods-iOS-Starter-Kit.debug.xcconfig */ = {isa = PBXFileReference; includeInIndex = 1; lastKnownFileType = text.xcconfig; name = "Pods-iOS-Starter-Kit.debug.xcconfig"; path = "Pods/Target Support Files/Pods-iOS-Starter-Kit/Pods-iOS-Starter-Kit.debug.xcconfig"; sourceTree = "<group>"; };
		E96B171F5196F2B6D5464D93 /* Pods-iOS-Starter-Kit.release.xcconfig */ = {isa = PBXFileReference; includeInIndex = 1; lastKnownFileType = text.xcconfig; name = "Pods-iOS-Starter-Kit.release.xcconfig"; path = "Pods/Target Support Files/Pods-iOS-Starter-Kit/Pods-iOS-Starter-Kit.release.xcconfig"; sourceTree = "<group>"; };
/* End PBXFileReference section */

/* Begin PBXFrameworksBuildPhase section */
		BA9638791E07800200D16B73 /* Frameworks */ = {
			isa = PBXFrameworksBuildPhase;
			buildActionMask = 2147483647;
			files = (
				FF5D29E4BF7266D79D4ACD09 /* Pods_iOS_Starter_Kit.framework in Frameworks */,
			);
			runOnlyForDeploymentPostprocessing = 0;
		};
		BA96388D1E07800300D16B73 /* Frameworks */ = {
			isa = PBXFrameworksBuildPhase;
			buildActionMask = 2147483647;
			files = (
			);
			runOnlyForDeploymentPostprocessing = 0;
		};
/* End PBXFrameworksBuildPhase section */

/* Begin PBXGroup section */
		09EB263E98AF3585C67B94C1 /* Pods */ = {
			isa = PBXGroup;
			children = (
				D80B46C7853A3DFBAEE776CB /* Pods-iOS-Starter-Kit.debug.xcconfig */,
				E96B171F5196F2B6D5464D93 /* Pods-iOS-Starter-Kit.release.xcconfig */,
			);
			name = Pods;
			sourceTree = "<group>";
		};
		BA790DC71E07850700614854 /* Source Code */ = {
			isa = PBXGroup;
			children = (
				BA790DCA1E07852700614854 /* Model */,
				BA790DC91E07851300614854 /* Scenes */,
			);
			name = "Source Code";
			path = "Source Code";
			sourceTree = "<group>";
		};
		BA790DC81E07850E00614854 /* Shared */ = {
			isa = PBXGroup;
			children = (
				BA790E0C1E079BB400614854 /* App */,
				BA790DE81E0789A400614854 /* Base */,
				BA790E0B1E079BA700614854 /* Common */,
				BA790DDE1E07897500614854 /* Extensions */,
				BA7D8D7A1E0A701500C406D5 /* Router */,
			);
			name = Shared;
			path = Shared;
			sourceTree = "<group>";
		};
		BA790DC91E07851300614854 /* Scenes */ = {
			isa = PBXGroup;
			children = (
				BA790DCB1E07852B00614854 /* Example - Repo */,
			);
			name = Scenes;
			path = Scenes;
			sourceTree = "<group>";
		};
		BA790DCA1E07852700614854 /* Model */ = {
			isa = PBXGroup;
			children = (
				BA790DDC1E07878A00614854 /* Networking */,
			);
			name = Model;
			path = Model;
			sourceTree = "<group>";
		};
		BA790DCB1E07852B00614854 /* Example - Repo */ = {
			isa = PBXGroup;
			children = (
				BA790DDB1E07878500614854 /* Controller */,
				BA790E161E07A76700614854 /* DataSource */,
				BA790DFB1E078D7800614854 /* View */,
				BA790DD71E0786FC00614854 /* Worker */,
			);
			name = "Example - Repo";
			path = "Example - Repo";
			sourceTree = "<group>";
		};
		BA790DCC1E07853900614854 /* Worker */ = {
			isa = PBXGroup;
			children = (
				BA790DBA1E07850500614854 /* Worker.swift */,
			);
			name = Worker;
			path = Worker;
			sourceTree = "<group>";
		};
		BA790DCD1E07853D00614854 /* Store */ = {
			isa = PBXGroup;
			children = (
				BA790DD91E07875800614854 /* Reducer */,
				BA790DDA1E07875D00614854 /* State */,
			);
			name = Store;
			path = Store;
			sourceTree = "<group>";
		};
		BA790DCE1E07858500614854 /* App Delegate */ = {
			isa = PBXGroup;
			children = (
				BA96387F1E07800300D16B73 /* AppDelegate.swift */,
			);
			name = "App Delegate";
			path = "App Delegate";
			sourceTree = "<group>";
		};
		BA790DCF1E07858A00614854 /* Resource */ = {
			isa = PBXGroup;
			children = (
				BA790DD01E07859200614854 /* Assets */,
				BA790DD21E07859B00614854 /* Github */,
				BA790DD61E0786EB00614854 /* Storyboards */,
				BA790DD11E07859700614854 /* Xibs */,
			);
			name = Resource;
			path = Resource;
			sourceTree = "<group>";
		};
		BA790DD01E07859200614854 /* Assets */ = {
			isa = PBXGroup;
			children = (
				BA9638861E07800300D16B73 /* Assets.xcassets */,
			);
			name = Assets;
			path = Assets;
			sourceTree = "<group>";
		};
		BA790DD11E07859700614854 /* Xibs */ = {
			isa = PBXGroup;
			children = (
			);
			name = Xibs;
			path = Xibs;
			sourceTree = "<group>";
		};
		BA790DD21E07859B00614854 /* Github */ = {
			isa = PBXGroup;
			children = (
			);
			name = Github;
			path = Github;
			sourceTree = "<group>";
		};
		BA790DD31E0785A300614854 /* Configuration */ = {
			isa = PBXGroup;
			children = (
				BA790DD41E0785EA00614854 /* Constants.swift */,
				BA96388B1E07800300D16B73 /* Info.plist */,
			);
			name = Configuration;
			path = Configuration;
			sourceTree = "<group>";
		};
		BA790DD61E0786EB00614854 /* Storyboards */ = {
			isa = PBXGroup;
			children = (
				BA9638881E07800300D16B73 /* LaunchScreen.storyboard */,
				BA9638831E07800300D16B73 /* Main.storyboard */,
			);
			name = Storyboards;
			path = Storyboards;
			sourceTree = "<group>";
		};
		BA790DD71E0786FC00614854 /* Worker */ = {
			isa = PBXGroup;
			children = (
				BA790DAF1E07850500614854 /* FetchRepoWorker.swift */,
			);
			name = Worker;
			path = Worker;
			sourceTree = "<group>";
		};
		BA790DD81E07870E00614854 /* Obj Model */ = {
			isa = PBXGroup;
			children = (
				BA790E021E079A2000614854 /* BaseObj.swift */,
				BA790DB61E07850500614854 /* RepoObj.swift */,
				BA790DB91E07850500614854 /* UserObj.swift */,
			);
			name = "Obj Model";
			path = "Obj Model";
			sourceTree = "<group>";
		};
		BA790DD91E07875800614854 /* Reducer */ = {
			isa = PBXGroup;
			children = (
				BA790DB11E07850500614854 /* MainReducer.swift */,
			);
			name = Reducer;
			path = Reducer;
			sourceTree = "<group>";
		};
		BA790DDA1E07875D00614854 /* State */ = {
			isa = PBXGroup;
			children = (
				BA790DB01E07850500614854 /* MainAppState.swift */,
				BA790DB81E07850500614854 /* RepoState.swift */,
			);
			name = State;
			path = State;
			sourceTree = "<group>";
		};
		BA790DDB1E07878500614854 /* Controller */ = {
			isa = PBXGroup;
			children = (
				BA790DB31E07850500614854 /* RepoConfiguration.swift */,
				BA790DB41E07850500614854 /* RepoController.swift */,
				BA790DB51E07850500614854 /* RepoInteractor.swift */,
				BA790DB71E07850500614854 /* RepoPresenter.swift */,
			);
			name = Controller;
			path = Controller;
			sourceTree = "<group>";
		};
		BA790DDC1E07878A00614854 /* Networking */ = {
			isa = PBXGroup;
			children = (
				BA790E0E1E079BCE00614854 /* QueueManager */,
				BA790E0D1E079BCA00614854 /* Request */,
				BA790DB21E07850500614854 /* Networking.swift */,
			);
			name = Networking;
			path = Networking;
			sourceTree = "<group>";
		};
		BA790DDE1E07897500614854 /* Extensions */ = {
			isa = PBXGroup;
			children = (
				BA790DDF1E07897C00614854 /* Ability */,
				BA790E101E079C7A00614854 /* Error */,
				BA790DF11E078A2A00614854 /* Identifier */,
				BA790DF41E078A5A00614854 /* Register */,
			);
			name = Extensions;
			path = Extensions;
			sourceTree = "<group>";
		};
		BA790DDF1E07897C00614854 /* Ability */ = {
			isa = PBXGroup;
			children = (
				BA790DE01E07898300614854 /* BaseAbility.swift */,
			);
			name = Ability;
			path = Ability;
			sourceTree = "<group>";
		};
		BA790DE81E0789A400614854 /* Base */ = {
			isa = PBXGroup;
			children = (
				BA790DE21E0789A200614854 /* BaseView.swift */,
				BA790DE31E0789A200614854 /* BaseViewController.swift */,
			);
			name = Base;
			path = Base;
			sourceTree = "<group>";
		};
		BA790DF11E078A2A00614854 /* Identifier */ = {
			isa = PBXGroup;
			children = (
				BA790DF21E078A3B00614854 /* Identifier.swift */,
				BA790DEC1E078A2800614854 /* UIView+Identifier.swift */,
				BA790DEB1E078A2800614854 /* UIViewController+Identifier.swift */,
			);
			name = Identifier;
			path = Identifier;
			sourceTree = "<group>";
		};
		BA790DF41E078A5A00614854 /* Register */ = {
			isa = PBXGroup;
			children = (
				BA790DE91E078A2800614854 /* UICollectionView+Register.swift */,
				BA790DEA1E078A2800614854 /* UITableView+Register.swift */,
			);
			name = Register;
			path = Register;
			sourceTree = "<group>";
		};
		BA790DF71E078C2400614854 /* Logger */ = {
			isa = PBXGroup;
			children = (
				BA790DF81E078C2D00614854 /* Logger.swift */,
				BA790E001E078DE700614854 /* SlackReporter.swift */,
			);
			name = Logger;
			path = Logger;
			sourceTree = "<group>";
		};
		BA790DFA1E078C3100614854 /* Application */ = {
			isa = PBXGroup;
			children = (
				BA790DF51E078C2100614854 /* ApplicationManager.swift */,
			);
			name = Application;
			path = Application;
			sourceTree = "<group>";
		};
		BA790DFB1E078D7800614854 /* View */ = {
			isa = PBXGroup;
			children = (
				BA790DFC1E078D8A00614854 /* RepoCell.swift */,
				BA790DFD1E078D8A00614854 /* RepoCell.xib */,
			);
			name = View;
			path = View;
			sourceTree = "<group>";
		};
		BA790E0B1E079BA700614854 /* Common */ = {
			isa = PBXGroup;
			children = (
				BA790DFA1E078C3100614854 /* Application */,
				BA790DF71E078C2400614854 /* Logger */,
			);
			name = Common;
			path = Common;
			sourceTree = "<group>";
		};
		BA790E0C1E079BB400614854 /* App */ = {
			isa = PBXGroup;
			children = (
				BA790DD81E07870E00614854 /* Obj Model */,
				BA790DCD1E07853D00614854 /* Store */,
				BA790DCC1E07853900614854 /* Worker */,
			);
			name = App;
			path = App;
			sourceTree = "<group>";
		};
		BA790E0D1E079BCA00614854 /* Request */ = {
			isa = PBXGroup;
			children = (
				BA790E051E079B9E00614854 /* FetchRepoRequest.swift */,
				BA790E071E079B9E00614854 /* Request.swift */,
			);
			name = Request;
			path = Request;
			sourceTree = "<group>";
		};
		BA790E0E1E079BCE00614854 /* QueueManager */ = {
			isa = PBXGroup;
			children = (
				BA790E061E079B9E00614854 /* QueueManager.swift */,
			);
			name = QueueManager;
			path = QueueManager;
			sourceTree = "<group>";
		};
		BA790E101E079C7A00614854 /* Error */ = {
			isa = PBXGroup;
			children = (
				BA790E111E079C8300614854 /* Error+Default.swift */,
			);
			name = Error;
			path = Error;
			sourceTree = "<group>";
		};
		BA790E161E07A76700614854 /* DataSource */ = {
			isa = PBXGroup;
			children = (
				BA790E171E07A77100614854 /* RepoDataSource.swift */,
			);
			name = DataSource;
			path = DataSource;
			sourceTree = "<group>";
		};
		BA7D8D7A1E0A701500C406D5 /* Router */ = {
			isa = PBXGroup;
			children = (
				BA7D8D7B1E0A702100C406D5 /* RouterManager.swift */,
			);
			name = Router;
			path = Router;
			sourceTree = "<group>";
		};
		BA9638731E07800200D16B73 = {
			isa = PBXGroup;
			children = (
				BBCC903DEA265B33612565ED /* Frameworks */,
				09EB263E98AF3585C67B94C1 /* Pods */,
				BA96387D1E07800300D16B73 /* Products */,
				BA96387E1E07800300D16B73 /* iOS-Starter-Kit */,
				BA9638931E07800300D16B73 /* iOS-Starter-KitTests */,
			);
			sourceTree = "<group>";
		};
		BA96387D1E07800300D16B73 /* Products */ = {
			isa = PBXGroup;
			children = (
				BA96387C1E07800300D16B73 /* iOS-Starter-Kit.app */,
				BA9638901E07800300D16B73 /* iOS-Starter-KitTests.xctest */,
			);
			name = Products;
			sourceTree = "<group>";
		};
		BA96387E1E07800300D16B73 /* iOS-Starter-Kit */ = {
			isa = PBXGroup;
			children = (
				BA790DCE1E07858500614854 /* App Delegate */,
				BA790DD31E0785A300614854 /* Configuration */,
				BA790DCF1E07858A00614854 /* Resource */,
				BA790DC81E07850E00614854 /* Shared */,
				BA790DC71E07850700614854 /* Source Code */,
			);
			path = "iOS-Starter-Kit";
			sourceTree = "<group>";
		};
		BA9638931E07800300D16B73 /* iOS-Starter-KitTests */ = {
			isa = PBXGroup;
			children = (
				BA9638961E07800300D16B73 /* Info.plist */,
				BA9638941E07800300D16B73 /* iOS_Starter_KitTests.swift */,
			);
			path = "iOS-Starter-KitTests";
			sourceTree = "<group>";
		};
		BBCC903DEA265B33612565ED /* Frameworks */ = {
			isa = PBXGroup;
			children = (
				A31C40A72A43E78CEEFD407B /* Pods_iOS_Starter_Kit.framework */,
			);
			name = Frameworks;
			sourceTree = "<group>";
		};
/* End PBXGroup section */

/* Begin PBXNativeTarget section */
		BA96387B1E07800200D16B73 /* iOS-Starter-Kit */ = {
			isa = PBXNativeTarget;
			buildConfigurationList = BA9638991E07800300D16B73 /* Build configuration list for PBXNativeTarget "iOS-Starter-Kit" */;
			buildPhases = (
				B098654B597129AF8A9C6D6A /* [CP] Check Pods Manifest.lock */,
				BA9638781E07800200D16B73 /* Sources */,
				BA9638791E07800200D16B73 /* Frameworks */,
				BA96387A1E07800200D16B73 /* Resources */,
				D735347A9AAEB927E4C267A0 /* [CP] Embed Pods Frameworks */,
				75103BF9ACD466467862BC15 /* [CP] Copy Pods Resources */,
			);
			buildRules = (
			);
			dependencies = (
			);
			name = "iOS-Starter-Kit";
			productName = "iOS-Starter-Kit";
			productReference = BA96387C1E07800300D16B73 /* iOS-Starter-Kit.app */;
			productType = "com.apple.product-type.application";
		};
		BA96388F1E07800300D16B73 /* iOS-Starter-KitTests */ = {
			isa = PBXNativeTarget;
			buildConfigurationList = BA96389C1E07800300D16B73 /* Build configuration list for PBXNativeTarget "iOS-Starter-KitTests" */;
			buildPhases = (
				BA96388C1E07800300D16B73 /* Sources */,
				BA96388D1E07800300D16B73 /* Frameworks */,
				BA96388E1E07800300D16B73 /* Resources */,
			);
			buildRules = (
			);
			dependencies = (
				BA9638921E07800300D16B73 /* PBXTargetDependency */,
			);
			name = "iOS-Starter-KitTests";
			productName = "iOS-Starter-KitTests";
			productReference = BA9638901E07800300D16B73 /* iOS-Starter-KitTests.xctest */;
			productType = "com.apple.product-type.bundle.unit-test";
		};
/* End PBXNativeTarget section */

/* Begin PBXProject section */
		BA9638741E07800200D16B73 /* Project object */ = {
			isa = PBXProject;
			attributes = {
				LastSwiftUpdateCheck = 0820;
				LastUpgradeCheck = 0820;
				ORGANIZATIONNAME = nghiatran;
				TargetAttributes = {
					BA96387B1E07800200D16B73 = {
						CreatedOnToolsVersion = 8.2;
						DevelopmentTeam = D54Y88Y9CY;
						ProvisioningStyle = Automatic;
					};
					BA96388F1E07800300D16B73 = {
						CreatedOnToolsVersion = 8.2;
						DevelopmentTeam = D54Y88Y9CY;
						ProvisioningStyle = Automatic;
						TestTargetID = BA96387B1E07800200D16B73;
					};
				};
			};
			buildConfigurationList = BA9638771E07800200D16B73 /* Build configuration list for PBXProject "iOS-Starter-Kit" */;
			compatibilityVersion = "Xcode 3.2";
			developmentRegion = English;
			hasScannedForEncodings = 0;
			knownRegions = (
				en,
				Base,
			);
			mainGroup = BA9638731E07800200D16B73;
			productRefGroup = BA96387D1E07800300D16B73 /* Products */;
			projectDirPath = "";
			projectRoot = "";
			targets = (
				BA96387B1E07800200D16B73 /* iOS-Starter-Kit */,
				BA96388F1E07800300D16B73 /* iOS-Starter-KitTests */,
			);
		};
/* End PBXProject section */

/* Begin PBXResourcesBuildPhase section */
		BA96387A1E07800200D16B73 /* Resources */ = {
			isa = PBXResourcesBuildPhase;
			buildActionMask = 2147483647;
			files = (
				BA96388A1E07800300D16B73 /* LaunchScreen.storyboard in Resources */,
				BA9638871E07800300D16B73 /* Assets.xcassets in Resources */,
				BA9638851E07800300D16B73 /* Main.storyboard in Resources */,
				BA790DFF1E078D8A00614854 /* RepoCell.xib in Resources */,
			);
			runOnlyForDeploymentPostprocessing = 0;
		};
		BA96388E1E07800300D16B73 /* Resources */ = {
			isa = PBXResourcesBuildPhase;
			buildActionMask = 2147483647;
			files = (
			);
			runOnlyForDeploymentPostprocessing = 0;
		};
/* End PBXResourcesBuildPhase section */

/* Begin PBXShellScriptBuildPhase section */
		75103BF9ACD466467862BC15 /* [CP] Copy Pods Resources */ = {
			isa = PBXShellScriptBuildPhase;
			buildActionMask = 2147483647;
			files = (
			);
			inputPaths = (
			);
			name = "[CP] Copy Pods Resources";
			outputPaths = (
			);
			runOnlyForDeploymentPostprocessing = 0;
			shellPath = /bin/sh;
			shellScript = "\"${SRCROOT}/Pods/Target Support Files/Pods-iOS-Starter-Kit/Pods-iOS-Starter-Kit-resources.sh\"\n";
			showEnvVarsInLog = 0;
		};
		B098654B597129AF8A9C6D6A /* [CP] Check Pods Manifest.lock */ = {
			isa = PBXShellScriptBuildPhase;
			buildActionMask = 2147483647;
			files = (
			);
			inputPaths = (
			);
			name = "[CP] Check Pods Manifest.lock";
			outputPaths = (
			);
			runOnlyForDeploymentPostprocessing = 0;
			shellPath = /bin/sh;
			shellScript = "diff \"${PODS_ROOT}/../Podfile.lock\" \"${PODS_ROOT}/Manifest.lock\" > /dev/null\nif [ $? != 0 ] ; then\n    # print error to STDERR\n    echo \"error: The sandbox is not in sync with the Podfile.lock. Run 'pod install' or update your CocoaPods installation.\" >&2\n    exit 1\nfi\n";
			showEnvVarsInLog = 0;
		};
		D735347A9AAEB927E4C267A0 /* [CP] Embed Pods Frameworks */ = {
			isa = PBXShellScriptBuildPhase;
			buildActionMask = 2147483647;
			files = (
			);
			inputPaths = (
			);
			name = "[CP] Embed Pods Frameworks";
			outputPaths = (
			);
			runOnlyForDeploymentPostprocessing = 0;
			shellPath = /bin/sh;
			shellScript = "\"${SRCROOT}/Pods/Target Support Files/Pods-iOS-Starter-Kit/Pods-iOS-Starter-Kit-frameworks.sh\"\n";
			showEnvVarsInLog = 0;
		};
/* End PBXShellScriptBuildPhase section */

/* Begin PBXSourcesBuildPhase section */
		BA9638781E07800200D16B73 /* Sources */ = {
			isa = PBXSourcesBuildPhase;
			buildActionMask = 2147483647;
			files = (
				BA790DFE1E078D8A00614854 /* RepoCell.swift in Sources */,
				BA7D8D7C1E0A702100C406D5 /* RouterManager.swift in Sources */,
				BA790DED1E078A2800614854 /* UICollectionView+Register.swift in Sources */,
				BA790E031E079A2000614854 /* BaseObj.swift in Sources */,
				BA790DC31E07850500614854 /* RepoPresenter.swift in Sources */,
				BA790DEF1E078A2800614854 /* UIViewController+Identifier.swift in Sources */,
				BA790DC41E07850500614854 /* RepoState.swift in Sources */,
				BA790DF31E078A3B00614854 /* Identifier.swift in Sources */,
				BA790E0A1E079B9E00614854 /* Request.swift in Sources */,
				BA790DBC1E07850500614854 /* MainAppState.swift in Sources */,
				BA790DC01E07850500614854 /* RepoController.swift in Sources */,
				BA790DF91E078C2D00614854 /* Logger.swift in Sources */,
				BA790DD51E0785EA00614854 /* Constants.swift in Sources */,
				BA9638801E07800300D16B73 /* AppDelegate.swift in Sources */,
				BA790DEE1E078A2800614854 /* UITableView+Register.swift in Sources */,
				BA790DF61E078C2100614854 /* ApplicationManager.swift in Sources */,
				BA790E121E079C8300614854 /* Error+Default.swift in Sources */,
				BA790E181E07A77100614854 /* RepoDataSource.swift in Sources */,
				BA790DBE1E07850500614854 /* Networking.swift in Sources */,
				BA790DE61E0789A200614854 /* BaseViewController.swift in Sources */,
				BA790DBF1E07850500614854 /* RepoConfiguration.swift in Sources */,
				BA790DC11E07850500614854 /* RepoInteractor.swift in Sources */,
				BA790E081E079B9E00614854 /* FetchRepoRequest.swift in Sources */,
				BA790DBB1E07850500614854 /* FetchRepoWorker.swift in Sources */,
				BA790DF01E078A2800614854 /* UIView+Identifier.swift in Sources */,
				BA790E011E078DE700614854 /* SlackReporter.swift in Sources */,
				BA790DBD1E07850500614854 /* MainReducer.swift in Sources */,
				BA790DC21E07850500614854 /* RepoObj.swift in Sources */,
				BA790E091E079B9E00614854 /* QueueManager.swift in Sources */,
				BA790DC51E07850500614854 /* UserObj.swift in Sources */,
				BA790DC61E07850500614854 /* Worker.swift in Sources */,
				BA790DE11E07898300614854 /* BaseAbility.swift in Sources */,
				BA790DE51E0789A200614854 /* BaseView.swift in Sources */,
			);
			runOnlyForDeploymentPostprocessing = 0;
		};
		BA96388C1E07800300D16B73 /* Sources */ = {
			isa = PBXSourcesBuildPhase;
			buildActionMask = 2147483647;
			files = (
				BA9638951E07800300D16B73 /* iOS_Starter_KitTests.swift in Sources */,
			);
			runOnlyForDeploymentPostprocessing = 0;
		};
/* End PBXSourcesBuildPhase section */

/* Begin PBXTargetDependency section */
		BA9638921E07800300D16B73 /* PBXTargetDependency */ = {
			isa = PBXTargetDependency;
			target = BA96387B1E07800200D16B73 /* iOS-Starter-Kit */;
			targetProxy = BA9638911E07800300D16B73 /* PBXContainerItemProxy */;
		};
/* End PBXTargetDependency section */

/* Begin PBXVariantGroup section */
		BA9638831E07800300D16B73 /* Main.storyboard */ = {
			isa = PBXVariantGroup;
			children = (
				BA9638841E07800300D16B73 /* Base */,
			);
			name = Main.storyboard;
			path = .;
			sourceTree = "<group>";
		};
		BA9638881E07800300D16B73 /* LaunchScreen.storyboard */ = {
			isa = PBXVariantGroup;
			children = (
				BA9638891E07800300D16B73 /* Base */,
			);
			name = LaunchScreen.storyboard;
			path = .;
			sourceTree = "<group>";
		};
/* End PBXVariantGroup section */

/* Begin XCBuildConfiguration section */
		BA9638971E07800300D16B73 /* Debug */ = {
			isa = XCBuildConfiguration;
			buildSettings = {
				ALWAYS_SEARCH_USER_PATHS = NO;
				CLANG_ANALYZER_NONNULL = YES;
				CLANG_CXX_LANGUAGE_STANDARD = "gnu++0x";
				CLANG_CXX_LIBRARY = "libc++";
				CLANG_ENABLE_MODULES = YES;
				CLANG_ENABLE_OBJC_ARC = YES;
				CLANG_WARN_BOOL_CONVERSION = YES;
				CLANG_WARN_CONSTANT_CONVERSION = YES;
				CLANG_WARN_DIRECT_OBJC_ISA_USAGE = YES_ERROR;
				CLANG_WARN_DOCUMENTATION_COMMENTS = YES;
				CLANG_WARN_EMPTY_BODY = YES;
				CLANG_WARN_ENUM_CONVERSION = YES;
				CLANG_WARN_INFINITE_RECURSION = YES;
				CLANG_WARN_INT_CONVERSION = YES;
				CLANG_WARN_OBJC_ROOT_CLASS = YES_ERROR;
				CLANG_WARN_SUSPICIOUS_MOVE = YES;
				CLANG_WARN_UNREACHABLE_CODE = YES;
				CLANG_WARN__DUPLICATE_METHOD_MATCH = YES;
				"CODE_SIGN_IDENTITY[sdk=iphoneos*]" = "iPhone Developer";
				COPY_PHASE_STRIP = NO;
				DEBUG_INFORMATION_FORMAT = dwarf;
				ENABLE_STRICT_OBJC_MSGSEND = YES;
				ENABLE_TESTABILITY = YES;
				GCC_C_LANGUAGE_STANDARD = gnu99;
				GCC_DYNAMIC_NO_PIC = NO;
				GCC_NO_COMMON_BLOCKS = YES;
				GCC_OPTIMIZATION_LEVEL = 0;
				GCC_PREPROCESSOR_DEFINITIONS = (
					"DEBUG=1",
					"$(inherited)",
				);
				GCC_WARN_64_TO_32_BIT_CONVERSION = YES;
				GCC_WARN_ABOUT_RETURN_TYPE = YES_ERROR;
				GCC_WARN_UNDECLARED_SELECTOR = YES;
				GCC_WARN_UNINITIALIZED_AUTOS = YES_AGGRESSIVE;
				GCC_WARN_UNUSED_FUNCTION = YES;
				GCC_WARN_UNUSED_VARIABLE = YES;
				IPHONEOS_DEPLOYMENT_TARGET = 10.2;
				MTL_ENABLE_DEBUG_INFO = YES;
				ONLY_ACTIVE_ARCH = YES;
				SDKROOT = iphoneos;
				SWIFT_ACTIVE_COMPILATION_CONDITIONS = DEBUG;
				SWIFT_OPTIMIZATION_LEVEL = "-Onone";
				TARGETED_DEVICE_FAMILY = "1,2";
			};
			name = Debug;
		};
		BA9638981E07800300D16B73 /* Release */ = {
			isa = XCBuildConfiguration;
			buildSettings = {
				ALWAYS_SEARCH_USER_PATHS = NO;
				CLANG_ANALYZER_NONNULL = YES;
				CLANG_CXX_LANGUAGE_STANDARD = "gnu++0x";
				CLANG_CXX_LIBRARY = "libc++";
				CLANG_ENABLE_MODULES = YES;
				CLANG_ENABLE_OBJC_ARC = YES;
				CLANG_WARN_BOOL_CONVERSION = YES;
				CLANG_WARN_CONSTANT_CONVERSION = YES;
				CLANG_WARN_DIRECT_OBJC_ISA_USAGE = YES_ERROR;
				CLANG_WARN_DOCUMENTATION_COMMENTS = YES;
				CLANG_WARN_EMPTY_BODY = YES;
				CLANG_WARN_ENUM_CONVERSION = YES;
				CLANG_WARN_INFINITE_RECURSION = YES;
				CLANG_WARN_INT_CONVERSION = YES;
				CLANG_WARN_OBJC_ROOT_CLASS = YES_ERROR;
				CLANG_WARN_SUSPICIOUS_MOVE = YES;
				CLANG_WARN_UNREACHABLE_CODE = YES;
				CLANG_WARN__DUPLICATE_METHOD_MATCH = YES;
				"CODE_SIGN_IDENTITY[sdk=iphoneos*]" = "iPhone Developer";
				COPY_PHASE_STRIP = NO;
				DEBUG_INFORMATION_FORMAT = "dwarf-with-dsym";
				ENABLE_NS_ASSERTIONS = NO;
				ENABLE_STRICT_OBJC_MSGSEND = YES;
				GCC_C_LANGUAGE_STANDARD = gnu99;
				GCC_NO_COMMON_BLOCKS = YES;
				GCC_WARN_64_TO_32_BIT_CONVERSION = YES;
				GCC_WARN_ABOUT_RETURN_TYPE = YES_ERROR;
				GCC_WARN_UNDECLARED_SELECTOR = YES;
				GCC_WARN_UNINITIALIZED_AUTOS = YES_AGGRESSIVE;
				GCC_WARN_UNUSED_FUNCTION = YES;
				GCC_WARN_UNUSED_VARIABLE = YES;
				IPHONEOS_DEPLOYMENT_TARGET = 10.2;
				MTL_ENABLE_DEBUG_INFO = NO;
				SDKROOT = iphoneos;
				SWIFT_OPTIMIZATION_LEVEL = "-Owholemodule";
				TARGETED_DEVICE_FAMILY = "1,2";
				VALIDATE_PRODUCT = YES;
			};
			name = Release;
		};
		BA96389A1E07800300D16B73 /* Debug */ = {
			isa = XCBuildConfiguration;
			baseConfigurationReference = D80B46C7853A3DFBAEE776CB /* Pods-iOS-Starter-Kit.debug.xcconfig */;
			buildSettings = {
				ALWAYS_EMBED_SWIFT_STANDARD_LIBRARIES = YES;
				ASSETCATALOG_COMPILER_APPICON_NAME = AppIcon;
				DEVELOPMENT_TEAM = D54Y88Y9CY;
				INFOPLIST_FILE = "iOS-Starter-Kit/Configuration/Info.plist";
				LD_RUNPATH_SEARCH_PATHS = "$(inherited) @executable_path/Frameworks";
				PRODUCT_BUNDLE_IDENTIFIER = "com.fe.nghiatran.iOS-Starter-Kit";
				PRODUCT_NAME = "$(TARGET_NAME)";
				SWIFT_VERSION = 3.0;
			};
			name = Debug;
		};
		BA96389B1E07800300D16B73 /* Release */ = {
			isa = XCBuildConfiguration;
			baseConfigurationReference = E96B171F5196F2B6D5464D93 /* Pods-iOS-Starter-Kit.release.xcconfig */;
			buildSettings = {
				ALWAYS_EMBED_SWIFT_STANDARD_LIBRARIES = YES;
				ASSETCATALOG_COMPILER_APPICON_NAME = AppIcon;
				DEVELOPMENT_TEAM = D54Y88Y9CY;
				INFOPLIST_FILE = "iOS-Starter-Kit/Configuration/Info.plist";
				LD_RUNPATH_SEARCH_PATHS = "$(inherited) @executable_path/Frameworks";
				PRODUCT_BUNDLE_IDENTIFIER = "com.fe.nghiatran.iOS-Starter-Kit";
				PRODUCT_NAME = "$(TARGET_NAME)";
				SWIFT_VERSION = 3.0;
			};
			name = Release;
		};
		BA96389D1E07800300D16B73 /* Debug */ = {
			isa = XCBuildConfiguration;
			buildSettings = {
				ALWAYS_EMBED_SWIFT_STANDARD_LIBRARIES = YES;
				BUNDLE_LOADER = "$(TEST_HOST)";
				DEVELOPMENT_TEAM = D54Y88Y9CY;
				INFOPLIST_FILE = "iOS-Starter-KitTests/Info.plist";
				LD_RUNPATH_SEARCH_PATHS = "$(inherited) @executable_path/Frameworks @loader_path/Frameworks";
				PRODUCT_BUNDLE_IDENTIFIER = "com.fe.nghiatran.iOS-Starter-KitTests";
				PRODUCT_NAME = "$(TARGET_NAME)";
				SWIFT_VERSION = 3.0;
				TEST_HOST = "$(BUILT_PRODUCTS_DIR)/iOS-Starter-Kit.app/iOS-Starter-Kit";
			};
			name = Debug;
		};
		BA96389E1E07800300D16B73 /* Release */ = {
			isa = XCBuildConfiguration;
			buildSettings = {
				ALWAYS_EMBED_SWIFT_STANDARD_LIBRARIES = YES;
				BUNDLE_LOADER = "$(TEST_HOST)";
				DEVELOPMENT_TEAM = D54Y88Y9CY;
				INFOPLIST_FILE = "iOS-Starter-KitTests/Info.plist";
				LD_RUNPATH_SEARCH_PATHS = "$(inherited) @executable_path/Frameworks @loader_path/Frameworks";
				PRODUCT_BUNDLE_IDENTIFIER = "com.fe.nghiatran.iOS-Starter-KitTests";
				PRODUCT_NAME = "$(TARGET_NAME)";
				SWIFT_VERSION = 3.0;
				TEST_HOST = "$(BUILT_PRODUCTS_DIR)/iOS-Starter-Kit.app/iOS-Starter-Kit";
			};
			name = Release;
		};
/* End XCBuildConfiguration section */

/* Begin XCConfigurationList section */
		BA9638771E07800200D16B73 /* Build configuration list for PBXProject "iOS-Starter-Kit" */ = {
			isa = XCConfigurationList;
			buildConfigurations = (
				BA9638971E07800300D16B73 /* Debug */,
				BA9638981E07800300D16B73 /* Release */,
			);
			defaultConfigurationIsVisible = 0;
			defaultConfigurationName = Release;
		};
		BA9638991E07800300D16B73 /* Build configuration list for PBXNativeTarget "iOS-Starter-Kit" */ = {
			isa = XCConfigurationList;
			buildConfigurations = (
				BA96389A1E07800300D16B73 /* Debug */,
				BA96389B1E07800300D16B73 /* Release */,
			);
			defaultConfigurationIsVisible = 0;
			defaultConfigurationName = Release;
		};
		BA96389C1E07800300D16B73 /* Build configuration list for PBXNativeTarget "iOS-Starter-KitTests" */ = {
			isa = XCConfigurationList;
			buildConfigurations = (
				BA96389D1E07800300D16B73 /* Debug */,
				BA96389E1E07800300D16B73 /* Release */,
			);
			defaultConfigurationIsVisible = 0;
			defaultConfigurationName = Release;
		};
/* End XCConfigurationList section */
	};
	rootObject = BA9638741E07800200D16B73 /* Project object */;
}
